
Microsoft Visual Studio Solution File, Format Version 12.00
# Visual Studio Version 17
VisualStudioVersion = 17.7.34003.232
MinimumVisualStudioVersion = 10.0.40219.1
Project("{FAE04EC0-301F-11D3-BF4B-00C04F79EFBC}") = "MauiApp1", "MauiApp1\MauiApp1.csproj", "{9037B323-8B13-4D4B-8E05-6112BB1E991A}"
EndProject
Global
	GlobalSection(SolutionConfigurationPlatforms) = preSolution
		Debug|Any CPU = Debug|Any CPU
		Release|Any CPU = Release|Any CPU
	EndGlobalSection
	GlobalSection(ProjectConfigurationPlatforms) = postSolution
		{9037B323-8B13-4D4B-8E05-6112BB1E991A}.Debug|Any CPU.ActiveCfg = Debug|Any CPU
		{9037B323-8B13-4D4B-8E05-6112BB1E991A}.Debug|Any CPU.Build.0 = Debug|Any CPU
		{9037B323-8B13-4D4B-8E05-6112BB1E991A}.Debug|Any CPU.Deploy.0 = Debug|Any CPU
		{9037B323-8B13-4D4B-8E05-6112BB1E991A}.Release|Any CPU.ActiveCfg = Release|Any CPU
		{9037B323-8B13-4D4B-8E05-6112BB1E991A}.Release|Any CPU.Build.0 = Release|Any CPU
		{9037B323-8B13-4D4B-8E05-6112BB1E991A}.Release|Any CPU.Deploy.0 = Release|Any CPU
	EndGlobalSection
	GlobalSection(SolutionProperties) = preSolution
		HideSolutionNode = FALSE
	EndGlobalSection
	GlobalSection(ExtensibilityGlobals) = postSolution
		SolutionGuid = {39B80E9B-CB01-4CBA-8D12-75011E12F816}
	EndGlobalSection
EndGlobal
